
Microsoft Visual Studio Solution File, Format Version 12.00
# Visual Studio 2012
Project("{FAE04EC0-301F-11D3-BF4B-00C04F79EFBC}") = "FinnTorget", "FinnTorget\FinnTorget.csproj", "{51974305-C841-4227-B68A-DD9F5751AEC8}"
EndProject
Project("{FAE04EC0-301F-11D3-BF4B-00C04F79EFBC}") = "FinnTorgetUnitTests", "FinnTorgetUnitTests\FinnTorgetUnitTests.csproj", "{70A1905C-3F95-4231-A13A-03D7783B2AE8}"
EndProject
Project("{FAE04EC0-301F-11D3-BF4B-00C04F79EFBC}") = "MyNotifyIcon", "MyNotifyIcon\MyNotifyIcon.csproj", "{4D133E1E-0179-4393-9457-8841B3B031BC}"
EndProject
Project("{2150E333-8FDC-42A3-9474-1A3956D46DE8}") = "UnitTests", "UnitTests", "{0353314E-E7F7-490F-8B57-7756ACFF2B15}"
EndProject
Project("{FAE04EC0-301F-11D3-BF4B-00C04F79EFBC}") = "MyNotifyIconUnitTests", "MyNotifyIconUnitTests\MyNotifyIconUnitTests.csproj", "{8B7D4B5E-7DF7-43FE-AAE4-65D5F122679F}"
EndProject
Global
	GlobalSection(SolutionConfigurationPlatforms) = preSolution
		Debug|Any CPU = Debug|Any CPU
		Release|Any CPU = Release|Any CPU
	EndGlobalSection
	GlobalSection(ProjectConfigurationPlatforms) = postSolution
		{51974305-C841-4227-B68A-DD9F5751AEC8}.Debug|Any CPU.ActiveCfg = Debug|Any CPU
		{51974305-C841-4227-B68A-DD9F5751AEC8}.Debug|Any CPU.Build.0 = Debug|Any CPU
		{51974305-C841-4227-B68A-DD9F5751AEC8}.Release|Any CPU.ActiveCfg = Release|Any CPU
		{51974305-C841-4227-B68A-DD9F5751AEC8}.Release|Any CPU.Build.0 = Release|Any CPU
		{70A1905C-3F95-4231-A13A-03D7783B2AE8}.Debug|Any CPU.ActiveCfg = Debug|Any CPU
		{70A1905C-3F95-4231-A13A-03D7783B2AE8}.Debug|Any CPU.Build.0 = Debug|Any CPU
		{70A1905C-3F95-4231-A13A-03D7783B2AE8}.Release|Any CPU.ActiveCfg = Release|Any CPU
		{70A1905C-3F95-4231-A13A-03D7783B2AE8}.Release|Any CPU.Build.0 = Release|Any CPU
		{4D133E1E-0179-4393-9457-8841B3B031BC}.Debug|Any CPU.ActiveCfg = Debug|Any CPU
		{4D133E1E-0179-4393-9457-8841B3B031BC}.Debug|Any CPU.Build.0 = Debug|Any CPU
		{4D133E1E-0179-4393-9457-8841B3B031BC}.Release|Any CPU.ActiveCfg = Release|Any CPU
		{4D133E1E-0179-4393-9457-8841B3B031BC}.Release|Any CPU.Build.0 = Release|Any CPU
		{8B7D4B5E-7DF7-43FE-AAE4-65D5F122679F}.Debug|Any CPU.ActiveCfg = Debug|Any CPU
		{8B7D4B5E-7DF7-43FE-AAE4-65D5F122679F}.Debug|Any CPU.Build.0 = Debug|Any CPU
		{8B7D4B5E-7DF7-43FE-AAE4-65D5F122679F}.Release|Any CPU.ActiveCfg = Release|Any CPU
		{8B7D4B5E-7DF7-43FE-AAE4-65D5F122679F}.Release|Any CPU.Build.0 = Release|Any CPU
	EndGlobalSection
	GlobalSection(SolutionProperties) = preSolution
		HideSolutionNode = FALSE
	EndGlobalSection
	GlobalSection(NestedProjects) = preSolution
		{70A1905C-3F95-4231-A13A-03D7783B2AE8} = {0353314E-E7F7-490F-8B57-7756ACFF2B15}
		{8B7D4B5E-7DF7-43FE-AAE4-65D5F122679F} = {0353314E-E7F7-490F-8B57-7756ACFF2B15}
	EndGlobalSection
EndGlobal
